version = 1
revision = 2
requires-python = ">=3.8"
resolution-markers = [
    "python_full_version >= '3.9'",
    "python_full_version < '3.9'",
]

[[package]]
name = "annotated-types"
version = "0.7.0"
source = { registry = "https://pypi.org/simple" }
dependencies = [
    { name = "typing-extensions", marker = "python_full_version < '3.9'" },
]
sdist = { url = "https://files.pythonhosted.org/packages/ee/67/531ea369ba64dcff5ec9c3402f9f51bf748cec26dde048a2f973a4eea7f5/annotated_types-0.7.0.tar.gz", hash = "sha256:aff07c09a53a08bc8cfccb9c85b05f1aa9a2a6f23728d790723543408344ce89", size = 16081, upload_time = "2024-05-20T21:33:25.928Z" }
wheels = [
]

[[package]]
name = "deprecated"
version = "1.2.18"
source = { registry = "https://pypi.org/simple" }
dependencies = [
    { name = "wrapt" },
]
sdist = { url = "https://files.pythonhosted.org/packages/98/97/06afe62762c9a8a86af0cfb7bfdab22a43ad17138b07af5b1a58442690a2/deprecated-1.2.18.tar.gz", hash = "sha256:422b6f6d859da6f2ef57857761bfb392480502a64c3028ca9bbe86085d72115d", size = 2928744, upload_time = "2025-01-27T10:46:25.7Z" }
wheels = [
]

[[package]]
name = "hexanator"
version = "0.1.0"
source = { virtual = "." }
dependencies = [
    { name = "opentelemetry-api" },
    { name = "ops" },
    { name = "ops-tracing" },
]

[package.dev-dependencies]
dev = [
    { name = "ops" },
    { name = "ops-scenario" },
    { name = "ops-tracing" },
]

[package.metadata]
requires-dist = [
    { name = "opentelemetry-api", specifier = ">=1.31.1" },
    { name = "ops" },
    { name = "ops-tracing" },
]

[package.metadata.requires-dev]
dev = [
    { name = "ops" },
    { name = "ops-scenario" },
    { name = "ops-tracing" },
]

[[package]]
name = "importlib-metadata"
version = "8.5.0"
source = { registry = "https://pypi.org/simple" }
resolution-markers = [
    "python_full_version < '3.9'",
]
dependencies = [
    { name = "zipp", version = "3.20.2", source = { registry = "https://pypi.org/simple" }, marker = "python_full_version < '3.9'" },
]
sdist = { url = "https://files.pythonhosted.org/packages/cd/12/33e59336dca5be0c398a7482335911a33aa0e20776128f038019f1a95f1b/importlib_metadata-8.5.0.tar.gz", hash = "sha256:71522656f0abace1d072b9e5481a48f07c138e00f079c38c8f883823f9c26bd7", size = 55304, upload_time = "2024-09-11T14:56:08.937Z" }
wheels = [
]

[[package]]
name = "importlib-metadata"
version = "8.6.1"
source = { registry = "https://pypi.org/simple" }
resolution-markers = [
    "python_full_version >= '3.9'",
]
dependencies = [
    { name = "zipp", version = "3.21.0", source = { registry = "https://pypi.org/simple" }, marker = "python_full_version >= '3.9'" },
]
sdist = { url = "https://files.pythonhosted.org/packages/33/08/c1395a292bb23fd03bdf572a1357c5a733d3eecbab877641ceacab23db6e/importlib_metadata-8.6.1.tar.gz", hash = "sha256:310b41d755445d74569f993ccfc22838295d9fe005425094fad953d7f15c8580", size = 55767, upload_time = "2025-01-20T22:21:30.429Z" }
wheels = [
]

[[package]]
name = "opentelemetry-api"
version = "1.32.1"
source = { registry = "https://pypi.org/simple" }
dependencies = [
    { name = "deprecated" },
    { name = "importlib-metadata", version = "8.5.0", source = { registry = "https://pypi.org/simple" }, marker = "python_full_version < '3.9'" },
    { name = "importlib-metadata", version = "8.6.1", source = { registry = "https://pypi.org/simple" }, marker = "python_full_version >= '3.9'" },
]
sdist = { url = "https://files.pythonhosted.org/packages/42/40/2359245cd33641c2736a0136a50813352d72f3fc209de28fb226950db4a1/opentelemetry_api-1.32.1.tar.gz", hash = "sha256:a5be71591694a4d9195caf6776b055aa702e964d961051a0715d05f8632c32fb", size = 64138, upload_time = "2025-04-15T16:02:13.97Z" }
wheels = [
]

[[package]]
name = "opentelemetry-sdk"
version = "1.32.1"
source = { registry = "https://pypi.org/simple" }
dependencies = [
    { name = "opentelemetry-api" },
    { name = "opentelemetry-semantic-conventions" },
    { name = "typing-extensions" },
]
sdist = { url = "https://files.pythonhosted.org/packages/a3/65/2069caef9257fae234ca0040d945c741aa7afbd83a7298ee70fc0bc6b6f4/opentelemetry_sdk-1.32.1.tar.gz", hash = "sha256:8ef373d490961848f525255a42b193430a0637e064dd132fd2a014d94792a092", size = 161044, upload_time = "2025-04-15T16:02:28.905Z" }
wheels = [
]

[[package]]
name = "opentelemetry-semantic-conventions"
version = "0.53b1"
source = { registry = "https://pypi.org/simple" }
dependencies = [
    { name = "deprecated" },
    { name = "opentelemetry-api" },
]
sdist = { url = "https://files.pythonhosted.org/packages/5e/b6/3c56e22e9b51bcb89edab30d54830958f049760bbd9ab0a759cece7bca88/opentelemetry_semantic_conventions-0.53b1.tar.gz", hash = "sha256:4c5a6fede9de61211b2e9fc1e02e8acacce882204cd770177342b6a3be682992", size = 114350, upload_time = "2025-04-15T16:02:29.793Z" }
wheels = [
]

[[package]]
name = "ops"
version = "2.20.0"
source = { registry = "https://pypi.org/simple" }
dependencies = [
    { name = "pyyaml" },
    { name = "websocket-client" },
]
sdist = { url = "https://files.pythonhosted.org/packages/17/af/d2eb331b6424b879a448611524f54590fde6e3726f7513941f4fc26c4b08/ops-2.20.0.tar.gz", hash = "sha256:be1dcfd0bb748839fbc200bbd073a6acf9648401c3729db22d8594ebb4301e05", size = 492365, upload_time = "2025-03-31T20:43:20.044Z" }
wheels = [
]

[[package]]
name = "ops-scenario"
version = "7.20.0"
source = { registry = "https://pypi.org/simple" }
dependencies = [
    { name = "ops" },
    { name = "pyyaml" },
]
sdist = { url = "https://files.pythonhosted.org/packages/d0/d6/85a7d0a1f0df597a82caa5350a45f0e99ef2c72eed5705d80cae72101925/ops_scenario-7.20.0.tar.gz", hash = "sha256:f1c058dac51bb953389cbddedbf131fe545b9932ae8fe32c1e701833b31ea88b", size = 142159, upload_time = "2025-03-31T20:36:39.027Z" }
wheels = [
]

[[package]]
name = "ops-tracing"
version = "0.9.6"
source = { registry = "https://pypi.org/simple" }
dependencies = [
    { name = "opentelemetry-sdk" },
    { name = "otlp-json" },
    { name = "pydantic", version = "2.10.6", source = { registry = "https://pypi.org/simple" }, marker = "python_full_version < '3.9'" },
    { name = "pydantic", version = "2.11.3", source = { registry = "https://pypi.org/simple" }, marker = "python_full_version >= '3.9'" },
]
sdist = { url = "https://files.pythonhosted.org/packages/c2/04/e1f89b84468158a5ab223bfa85dd226421e5c4fc1d0acb16b999ed819c9c/ops_tracing-0.9.6.tar.gz", hash = "sha256:3fa3b335984d77bd80e82f0617a0ef92b1d28b9d448848e2c2ecf90a935231c0", size = 26623, upload_time = "2025-03-17T08:10:53.385Z" }
wheels = [
]

[[package]]
name = "otlp-json"
version = "1.0.0"
source = { registry = "https://pypi.org/simple" }
sdist = { url = "https://files.pythonhosted.org/packages/ea/20/526138234c9fa307885148826ae3268e453247086c966a4d7a7ec6798764/otlp_json-1.0.0.tar.gz", hash = "sha256:fe94c245f2b075642ca63fb3be1b2471891e25d2b6da6dbd9a3da257c69881e5", size = 43364, upload_time = "2025-03-14T11:46:10.986Z" }
wheels = [
]

[[package]]
name = "pydantic"
version = "2.10.6"
source = { registry = "https://pypi.org/simple" }
resolution-markers = [
    "python_full_version < '3.9'",
]
dependencies = [
    { name = "annotated-types", marker = "python_full_version < '3.9'" },
    { name = "pydantic-core", version = "2.27.2", source = { registry = "https://pypi.org/simple" }, marker = "python_full_version < '3.9'" },
    { name = "typing-extensions", marker = "python_full_version < '3.9'" },
]
sdist = { url = "https://files.pythonhosted.org/packages/b7/ae/d5220c5c52b158b1de7ca89fc5edb72f304a70a4c540c84c8844bf4008de/pydantic-2.10.6.tar.gz", hash = "sha256:ca5daa827cce33de7a42be142548b0096bf05a7e7b365aebfa5f8eeec7128236", size = 761681, upload_time = "2025-01-24T01:42:12.693Z" }
wheels = [
]

[[package]]
name = "pydantic"
version = "2.11.3"
source = { registry = "https://pypi.org/simple" }
resolution-markers = [
    "python_full_version >= '3.9'",
]
dependencies = [
    { name = "annotated-types", marker = "python_full_version >= '3.9'" },
    { name = "pydantic-core", version = "2.33.1", source = { registry = "https://pypi.org/simple" }, marker = "python_full_version >= '3.9'" },
    { name = "typing-extensions", marker = "python_full_version >= '3.9'" },
    { name = "typing-inspection", marker = "python_full_version >= '3.9'" },
]
sdist = { url = "https://files.pythonhosted.org/packages/10/2e/ca897f093ee6c5f3b0bee123ee4465c50e75431c3d5b6a3b44a47134e891/pydantic-2.11.3.tar.gz", hash = "sha256:7471657138c16adad9322fe3070c0116dd6c3ad8d649300e3cbdfe91f4db4ec3", size = 785513, upload_time = "2025-04-08T13:27:06.399Z" }
wheels = [
]

[[package]]
name = "pydantic-core"
version = "2.27.2"
source = { registry = "https://pypi.org/simple" }
resolution-markers = [
    "python_full_version < '3.9'",
]
dependencies = [
    { name = "typing-extensions", marker = "python_full_version < '3.9'" },
]
sdist = { url = "https://files.pythonhosted.org/packages/fc/01/f3e5ac5e7c25833db5eb555f7b7ab24cd6f8c322d3a3ad2d67a952dc0abc/pydantic_core-2.27.2.tar.gz", hash = "sha256:eb026e5a4c1fee05726072337ff51d1efb6f59090b7da90d30ea58625b1ffb39", size = 413443, upload_time = "2024-12-18T11:31:54.917Z" }
wheels = [
]

[[package]]
name = "pydantic-core"
version = "2.33.1"
source = { registry = "https://pypi.org/simple" }
resolution-markers = [
    "python_full_version >= '3.9'",
]
dependencies = [
    { name = "typing-extensions", marker = "python_full_version >= '3.9'" },
]
sdist = { url = "https://files.pythonhosted.org/packages/17/19/ed6a078a5287aea7922de6841ef4c06157931622c89c2a47940837b5eecd/pydantic_core-2.33.1.tar.gz", hash = "sha256:bcc9c6fdb0ced789245b02b7d6603e17d1563064ddcfc36f046b61c0c05dd9df", size = 434395, upload_time = "2025-04-02T09:49:41.8Z" }
wheels = [
]

[[package]]
name = "pyyaml"
version = "6.0.2"
source = { registry = "https://pypi.org/simple" }
sdist = { url = "https://files.pythonhosted.org/packages/54/ed/79a089b6be93607fa5cdaedf301d7dfb23af5f25c398d5ead2525b063e17/pyyaml-6.0.2.tar.gz", hash = "sha256:d584d9ec91ad65861cc08d42e834324ef890a082e591037abe114850ff7bbc3e", size = 130631, upload_time = "2024-08-06T20:33:50.674Z" }
wheels = [
]

[[package]]
name = "typing-extensions"
version = "4.13.2"
source = { registry = "https://pypi.org/simple" }
sdist = { url = "https://files.pythonhosted.org/packages/f6/37/23083fcd6e35492953e8d2aaaa68b860eb422b34627b13f2ce3eb6106061/typing_extensions-4.13.2.tar.gz", hash = "sha256:e6c81219bd689f51865d9e372991c540bda33a0379d5573cddb9a3a23f7caaef", size = 106967, upload_time = "2025-04-10T14:19:05.416Z" }
wheels = [
]

[[package]]
name = "typing-inspection"
version = "0.4.0"
source = { registry = "https://pypi.org/simple" }
dependencies = [
    { name = "typing-extensions", marker = "python_full_version >= '3.9'" },
]
sdist = { url = "https://files.pythonhosted.org/packages/82/5c/e6082df02e215b846b4b8c0b887a64d7d08ffaba30605502639d44c06b82/typing_inspection-0.4.0.tar.gz", hash = "sha256:9765c87de36671694a67904bf2c96e395be9c6439bb6c87b5142569dcdd65122", size = 76222, upload_time = "2025-02-25T17:27:59.638Z" }
wheels = [
]

[[package]]
name = "websocket-client"
version = "1.8.0"
source = { registry = "https://pypi.org/simple" }
sdist = { url = "https://files.pythonhosted.org/packages/e6/30/fba0d96b4b5fbf5948ed3f4681f7da2f9f64512e1d303f94b4cc174c24a5/websocket_client-1.8.0.tar.gz", hash = "sha256:3239df9f44da632f96012472805d40a23281a991027ce11d2f45a6f24ac4c3da", size = 54648, upload_time = "2024-04-23T22:16:16.976Z" }
wheels = [
]

[[package]]
name = "wrapt"
version = "1.17.2"
source = { registry = "https://pypi.org/simple" }
sdist = { url = "https://files.pythonhosted.org/packages/c3/fc/e91cc220803d7bc4db93fb02facd8461c37364151b8494762cc88b0fbcef/wrapt-1.17.2.tar.gz", hash = "sha256:41388e9d4d1522446fe79d3213196bd9e3b301a336965b9e27ca2788ebd122f3", size = 55531, upload_time = "2025-01-14T10:35:45.465Z" }
wheels = [
]

[[package]]
name = "zipp"
version = "3.20.2"
source = { registry = "https://pypi.org/simple" }
resolution-markers = [
    "python_full_version < '3.9'",
]
sdist = { url = "https://files.pythonhosted.org/packages/54/bf/5c0000c44ebc80123ecbdddba1f5dcd94a5ada602a9c225d84b5aaa55e86/zipp-3.20.2.tar.gz", hash = "sha256:bc9eb26f4506fda01b81bcde0ca78103b6e62f991b381fec825435c836edbc29", size = 24199, upload_time = "2024-09-13T13:44:16.101Z" }
wheels = [
]

[[package]]
name = "zipp"
version = "3.21.0"
source = { registry = "https://pypi.org/simple" }
resolution-markers = [
    "python_full_version >= '3.9'",
]
sdist = { url = "https://files.pythonhosted.org/packages/3f/50/bad581df71744867e9468ebd0bcd6505de3b275e06f202c2cb016e3ff56f/zipp-3.21.0.tar.gz", hash = "sha256:2c9958f6430a2040341a52eb608ed6dd93ef4392e02ffe219417c1b28b5dd1f4", size = 24545, upload_time = "2024-11-10T15:05:20.202Z" }
wheels = [
]
